
Microsoft Visual Studio Solution File, Format Version 12.00
# Visual Studio Version 17
VisualStudioVersion = 17.0.31919.166
MinimumVisualStudioVersion = 10.0.40219.1
Project("{FAE04EC0-301F-11D3-BF4B-00C04F79EFBC}") = "StreamApp", "StreamApp\StreamApp.csproj", "{0C2607BA-B599-4F03-ACDC-3005D275A8F3}"
EndProject
Global
	GlobalSection(SolutionConfigurationPlatforms) = preSolution
		Debug|Any CPU = Debug|Any CPU
		Release|Any CPU = Release|Any CPU
	EndGlobalSection
	GlobalSection(ProjectConfigurationPlatforms) = postSolution
		{0C2607BA-B599-4F03-ACDC-3005D275A8F3}.Debug|Any CPU.ActiveCfg = Debug|Any CPU
		{0C2607BA-B599-4F03-ACDC-3005D275A8F3}.Debug|Any CPU.Build.0 = Debug|Any CPU
		{0C2607BA-B599-4F03-ACDC-3005D275A8F3}.Release|Any CPU.ActiveCfg = Release|Any CPU
		{0C2607BA-B599-4F03-ACDC-3005D275A8F3}.Release|Any CPU.Build.0 = Release|Any CPU
	EndGlobalSection
	GlobalSection(SolutionProperties) = preSolution
		HideSolutionNode = FALSE
	EndGlobalSection
	GlobalSection(ExtensibilityGlobals) = postSolution
		SolutionGuid = {C1BAEE23-9A3A-4180-B618-EFEE23258160}
	EndGlobalSection
EndGlobal
